{
  "version": "5",
  "specifiers": {
    "jsr:@deno/loader@~0.3.11": "0.3.14",
    "jsr:@kuboon/kv@0.2.0": "0.2.0",
    "jsr:@kuboon/remix-data-table-sqlite-turso@0.0.0": "0.0.0",
    "jsr:@kuboon/tailwindcss-deno@~0.1.3": "0.1.3",
    "jsr:@std/assert@^1.0.19": "1.0.19",
    "jsr:@std/encoding@^1.0.10": "1.0.11",
    "jsr:@std/internal@^1.0.12": "1.0.14",
    "jsr:@std/internal@^1.0.14": "1.0.14",
    "jsr:@std/media-types@^1.1.0": "1.1.0",
    "jsr:@std/path@^1.1.0": "1.1.6",
    "jsr:@std/path@^1.1.4": "1.1.6",
    "jsr:@std/ulid@1": "1.0.0",
    "npm:@jridgewell/remapping@^2.3.5": "2.3.5",
    "npm:@libsql/client@0.17.4": "0.17.4",
    "npm:@libsql/client@~0.17.4": "0.17.4",
    "npm:@remix-run/data-table@0.3": "0.3.0",
    "npm:@remix-run/fetch-router@0.18.2": "0.18.2",
    "npm:@remix-run/response@0.3.3": "0.3.3",
    "npm:@remix-run/static-middleware@0.4.8": "0.4.8",
    "npm:@remix-run/ui@~0.1.1": "0.1.2",
    "npm:@tailwindcss/oxide@4.2.4": "4.2.4",
    "npm:daisyui@^5.5.19": "5.6.13",
    "npm:lightningcss@^1.31.1": "1.32.0",
    "npm:magic-string@~0.30.21": "0.30.21",
    "npm:source-map-js@^1.2.1": "1.2.1",
    "npm:tailwindcss@4.2.4": "4.2.4",
    "npm:tailwindcss@^4.1.18": "4.2.4"
  },
  "jsr": {
    "@deno/loader@0.3.14": {
      "integrity": "97bc63a6cc2d27a60bcdc953f588c5213331d866d44212eebb24cebfb9b011ca"
    },
    "@kuboon/kv@0.2.0": {
      "integrity": "82b0d2d58e99c893dc667814a606af74ee04f62235d120d57e0d8e4b68ed74c3",
      "dependencies": [
        "jsr:@std/ulid",
        "npm:@libsql/client@~0.17.4"
      ]
    },
    "@kuboon/remix-data-table-sqlite-turso@0.0.0": {
      "integrity": "b965ecffb1a8637abfb4c58bd3c878fff2674862149dd1622138fc29b5d003d5",
      "dependencies": [
        "npm:@libsql/client@~0.17.4",
        "npm:@remix-run/data-table"
      ]
    },
    "@kuboon/tailwindcss-deno@0.1.3": {
      "integrity": "a062de4b032ce6c4fd70bc88a55247937a12314d45b43d07ece5f757fffd986c",
      "dependencies": [
        "jsr:@deno/loader",
        "jsr:@std/encoding",
        "jsr:@std/path@^1.1.4",
        "npm:@jridgewell/remapping",
        "npm:lightningcss",
        "npm:magic-string",
        "npm:source-map-js",
        "npm:tailwindcss@^4.1.18"
      ]
    },
    "@std/assert@1.0.19": {
      "integrity": "eaada96ee120cb980bc47e040f82814d786fe8162ecc53c91d8df60b8755991e",
      "dependencies": [
        "jsr:@std/internal@^1.0.12"
      ]
    },
    "@std/encoding@1.0.11": {
      "integrity": "e7cef2f0b3153bccc17431e7c864a1de03a4b6d9647389c43e08aaa775d37385"
    },
    "@std/internal@1.0.14": {
      "integrity": "291516b3d4c35024d6ffbc0a9df5bf4c64116e05b50012cf846710152d2ffdf7"
    },
    "@std/media-types@1.1.0": {
      "integrity": "c9d093f0c05c3512932b330e3cc1fe1d627b301db33a4c2c2185c02471d6eaa4"
    },
    "@std/path@1.1.6": {
      "integrity": "c68485c2a4dfbb5ae3cc74fae4e8c4e5d874cf8a8ed12927917235c758b46cbe",
      "dependencies": [
        "jsr:@std/internal@^1.0.14"
      ]
    },
    "@std/ulid@1.0.0": {
      "integrity": "d41c3d27a907714413649fee864b7cde8d42ee68437d22b79d5de4f81d808780"
    }
  },
  "npm": {
    "@jridgewell/gen-mapping@0.3.13": {
      "integrity": "sha512-2kkt/7niJ6MgEPxF0bYdQ6etZaA+fQvDcLKckhy1yIQOzaoKjBBjSj63/aLVjYE3qhRt5dvM+uUyfCg6UKCBbA==",
      "dependencies": [
        "@jridgewell/sourcemap-codec",
        "@jridgewell/trace-mapping"
      ]
    },
    "@jridgewell/remapping@2.3.5": {
      "integrity": "sha512-LI9u/+laYG4Ds1TDKSJW2YPrIlcVYOwi2fUC6xB43lueCjgxV4lffOCZCtYFiH6TNOX+tQKXx97T4IKHbhyHEQ==",
      "dependencies": [
        "@jridgewell/gen-mapping",
        "@jridgewell/trace-mapping"
      ]
    },
    "@jridgewell/resolve-uri@3.1.2": {
      "integrity": "sha512-bRISgCIjP20/tbWSPWMEi54QVPRZExkuD9lJL+UIxUKtwVJA8wW1Trb1jMs1RFXo1CBTNZ/5hpC9QvmKWdopKw=="
    },
    "@jridgewell/sourcemap-codec@1.5.5": {
      "integrity": "sha512-cYQ9310grqxueWbl+WuIUIaiUaDcj7WOq5fVhEljNVgRfOUhY9fy2zTvfoqWsnebh8Sl70VScFbICvJnLKB0Og=="
    },
    "@jridgewell/trace-mapping@0.3.31": {
      "integrity": "sha512-zzNR+SdQSDJzc8joaeP8QQoCQr8NuYx2dIIytl1QeBEZHJ9uW6hebsrYgbz8hJwUQao3TWCMtmfV8Nu1twOLAw==",
      "dependencies": [
        "@jridgewell/resolve-uri",
        "@jridgewell/sourcemap-codec"
      ]
    },
    "@libsql/client@0.17.4": {
      "integrity": "sha512-lYayFWasDV78A+TjlEhr6ubb3odBV6OHjb+wdp8VQcyWWAEIjuwbCHaraEUS4m4yWoo0BvZo96It4VdzZRmRWw==",
      "dependencies": [
        "@libsql/core",
        "@libsql/hrana-client",
        "js-base64",
        "libsql",
        "promise-limit"
      ]
    },
    "@libsql/core@0.17.4": {
      "integrity": "sha512-LqF9gIvnJ38nmAH1y/ChizHqDO/MO1wLgA96XrraulEEbqXxLjleSH92YWTolbuJKgPUmGu4aJk9W3UnAcxLOQ==",
      "dependencies": [
        "js-base64"
      ]
    },
    "@libsql/darwin-arm64@0.5.29": {
      "integrity": "sha512-K+2RIB1OGFPYQbfay48GakLhqf3ArcbHqPFu7EZiaUcRgFcdw8RoltsMyvbj5ix2fY0HV3Q3Ioa/ByvQdaSM0A==",
      "os": ["darwin"],
      "cpu": ["arm64"]
    },
    "@libsql/darwin-x64@0.5.29": {
      "integrity": "sha512-OtT+KFHsKFy1R5FVadr8FJ2Bb1mghtXTyJkxv0trocq7NuHntSki1eUbxpO5ezJesDvBlqFjnWaYYY516QNLhQ==",
      "os": ["darwin"],
      "cpu": ["x64"]
    },
    "@libsql/hrana-client@0.10.0": {
      "integrity": "sha512-OoA4EMqRAC7kn7V2P6EQqRcpZf2W+AjsNIyCizBg339Tq/aMC7sRnzs3SklderhmQWAqEzvv8A2vhxVmWpkVvw==",
      "dependencies": [
        "@libsql/isomorphic-ws",
        "js-base64"
      ]
    },
    "@libsql/isomorphic-ws@0.1.5": {
      "integrity": "sha512-DtLWIH29onUYR00i0GlQ3UdcTRC6EP4u9w/h9LxpUZJWRMARk6dQwZ6Jkd+QdwVpuAOrdxt18v0K2uIYR3fwFg==",
      "dependencies": [
        "@types/ws",
        "ws"
      ]
    },
    "@libsql/linux-arm-gnueabihf@0.5.29": {
      "integrity": "sha512-CD4n4zj7SJTHso4nf5cuMoWoMSS7asn5hHygsDuhRl8jjjCTT3yE+xdUvI4J7zsyb53VO5ISh4cwwOtf6k2UhQ==",
      "os": ["linux"],
      "cpu": ["arm"]
    },
    "@libsql/linux-arm-musleabihf@0.5.29": {
      "integrity": "sha512-2Z9qBVpEJV7OeflzIR3+l5yAd4uTOLxklScYTwpZnkm2vDSGlC1PRlueLaufc4EFITkLKXK2MWBpexuNJfMVcg==",
      "os": ["linux"],
      "cpu": ["arm"]
    },
    "@libsql/linux-arm64-gnu@0.5.29": {
      "integrity": "sha512-gURBqaiXIGGwFNEaUj8Ldk7Hps4STtG+31aEidCk5evMMdtsdfL3HPCpvys+ZF/tkOs2MWlRWoSq7SOuCE9k3w==",
      "os": ["linux"],
      "cpu": ["arm64"]
    },
    "@libsql/linux-arm64-musl@0.5.29": {
      "integrity": "sha512-fwgYZ0H8mUkyVqXZHF3mT/92iIh1N94Owi/f66cPVNsk9BdGKq5gVpoKO+7UxaNzuEH1roJp2QEwsCZMvBLpqg==",
      "os": ["linux"],
      "cpu": ["arm64"]
    },
    "@libsql/linux-x64-gnu@0.5.29": {
      "integrity": "sha512-y14V0vY0nmMC6G0pHeJcEarcnGU2H6cm21ZceRkacWHvQAEhAG0latQkCtoS2njFOXiYIg+JYPfAoWKbi82rkg==",
      "os": ["linux"],
      "cpu": ["x64"]
    },
    "@libsql/linux-x64-musl@0.5.29": {
      "integrity": "sha512-gquqwA/39tH4pFl+J9n3SOMSymjX+6kZ3kWgY3b94nXFTwac9bnFNMffIomgvlFaC4ArVqMnOZD3nuJ3H3VO1w==",
      "os": ["linux"],
      "cpu": ["x64"]
    },
    "@libsql/win32-x64-msvc@0.5.29": {
      "integrity": "sha512-4/0CvEdhi6+KjMxMaVbFM2n2Z44escBRoEYpR+gZg64DdetzGnYm8mcNLcoySaDJZNaBd6wz5DNdgRmcI4hXcg==",
      "os": ["win32"],
      "cpu": ["x64"]
    },
    "@neon-rs/load@0.0.4": {
      "integrity": "sha512-kTPhdZyTQxB+2wpiRcFWrDcejc4JI6tkPuS7UZCG4l6Zvc5kU/gGQ/ozvHTh1XR5tS+UlfAfGuPajjzQjCiHCw=="
    },
    "@remix-run/data-table@0.3.0": {
      "integrity": "sha512-2Ikjlm3T2qtMTeWm5v/76iXEP2fqqdJGxjTZ6OFre5b5BFoRyaq/iBmDc0lkXPoOGvkeOxNuRo7L0dRkMTXwJQ=="
    },
    "@remix-run/fetch-router@0.18.2": {
      "integrity": "sha512-/yZkz81ZwzWcZR9od+PIOfwavsreC62TmRdSYESznThYYhVezLkvvRLvNh0v8hAaSOIzNkoLN/wc037m67mm4Q==",
      "dependencies": [
        "@remix-run/route-pattern"
      ]
    },
    "@remix-run/fs@0.4.6": {
      "integrity": "sha512-xxvixX/WyufRr6YrjPLGXvyE5Lzb5G/Y4tygk6McJ6nr59f3hO9w3aVc/lvsVPD7liYfM1EyMnmd4qIByJq9bg==",
      "dependencies": [
        "@remix-run/lazy-file",
        "@remix-run/mime"
      ]
    },
    "@remix-run/headers@0.19.0": {
      "integrity": "sha512-+62NbkXuXm9r/NdG6KfH9OCKofCWm8VjkrVPICiHKtRl8Gf2Vi6eFTN4mGgBlZRhd5mmEVRV4hTIn/JUSHDAOw=="
    },
    "@remix-run/html-template@0.3.1": {
      "integrity": "sha512-4yhaBtfh1iVC1razTr+ehu1xmKia0zvE4GWQ6JF2IRiA3kmw+DlrdNFEFqx5Wn1eXAM0vxxcJLdLD7e0XMzH5A=="
    },
    "@remix-run/lazy-file@5.0.6": {
      "integrity": "sha512-jIeeqkqR+AgTEKls5WMPbiGyXhrkAJugN4ot/K9X74CLzO9uMbcFDKef7CWCfjN1s+551u+5LxNWLJx1nztuVg==",
      "dependencies": [
        "@remix-run/mime"
      ]
    },
    "@remix-run/mime@0.4.2": {
      "integrity": "sha512-KpZZxBYIrLsvUtt2ZdwK+E2ClVmyvW11Nej6fPgwJpohBMpbCHtR78wtCTv0vqvK5ckLZ7ks2q4pV5dMYFypiA=="
    },
    "@remix-run/response@0.3.3": {
      "integrity": "sha512-hgqYDk557dYjLJ0W5Oa6cj5jtNc/5HpAV+jCYlW8+PvoO0gkQzwOJihaFbePCuGW7jhOAFeD4L+SlvV1TxvWpQ==",
      "dependencies": [
        "@remix-run/headers",
        "@remix-run/html-template",
        "@remix-run/mime"
      ]
    },
    "@remix-run/route-pattern@0.20.1": {
      "integrity": "sha512-SSwyX3hX/xZck5UXy0bN4ubsnRJeuEKqHjz4Cc3so32FECexdNk0Y+pg2YZNu7FLGpjBn5dBUQCOtjIXQQudUw=="
    },
    "@remix-run/static-middleware@0.4.8": {
      "integrity": "sha512-dXU4MzxW/r+/btjittqXu7CeRU2IR0Z9G55pu241bh3i9fMOdtw2hhzVpUaNNfOPGsFCTq7KDIxo+dPKfTah0A==",
      "dependencies": [
        "@remix-run/fetch-router",
        "@remix-run/fs",
        "@remix-run/html-template",
        "@remix-run/mime",
        "@remix-run/response"
      ]
    },
    "@remix-run/ui@0.1.2": {
      "integrity": "sha512-k7olhXoiLAOu4mqTiyM+oBPuCmVU2qsY9kO6oxLvS3nrcURKxHkmNVw2i/MPJ1/G2nm1dKJfqcoMXU04wu1Fbw==",
      "dependencies": [
        "@types/dom-navigation"
      ]
    },
    "@tailwindcss/oxide-android-arm64@4.2.4": {
      "integrity": "sha512-e7MOr1SAn9U8KlZzPi1ZXGZHeC5anY36qjNwmZv9pOJ8E4Q6jmD1vyEHkQFmNOIN7twGPEMXRHmitN4zCMN03g==",
      "os": ["android"],
      "cpu": ["arm64"]
    },
    "@tailwindcss/oxide-darwin-arm64@4.2.4": {
      "integrity": "sha512-tSC/Kbqpz/5/o/C2sG7QvOxAKqyd10bq+ypZNf+9Fi2TvbVbv1zNpcEptcsU7DPROaSbVgUXmrzKhurFvo5eDg==",
      "os": ["darwin"],
      "cpu": ["arm64"]
    },
    "@tailwindcss/oxide-darwin-x64@4.2.4": {
      "integrity": "sha512-yPyUXn3yO/ufR6+Kzv0t4fCg2qNr90jxXc5QqBpjlPNd0NqyDXcmQb/6weunH/MEDXW5dhyEi+agTDiqa3WsGg==",
      "os": ["darwin"],
      "cpu": ["x64"]
    },
    "@tailwindcss/oxide-freebsd-x64@4.2.4": {
      "integrity": "sha512-BoMIB4vMQtZsXdGLVc2z+P9DbETkiopogfWZKbWwM8b/1Vinbs4YcUwo+kM/KeLkX3Ygrf4/PsRndKaYhS8Eiw==",
      "os": ["freebsd"],
      "cpu": ["x64"]
    },
    "@tailwindcss/oxide-linux-arm-gnueabihf@4.2.4": {
      "integrity": "sha512-7pIHBLTHYRAlS7V22JNuTh33yLH4VElwKtB3bwchK/UaKUPpQ0lPQiOWcbm4V3WP2I6fNIJ23vABIvoy2izdwA==",
      "os": ["linux"],
      "cpu": ["arm"]
    },
    "@tailwindcss/oxide-linux-arm64-gnu@4.2.4": {
      "integrity": "sha512-+E4wxJ0ZGOzSH325reXTWB48l42i93kQqMvDyz5gqfRzRZ7faNhnmvlV4EPGJU3QJM/3Ab5jhJ5pCRUsKn6OQw==",
      "os": ["linux"],
      "cpu": ["arm64"]
    },
    "@tailwindcss/oxide-linux-arm64-musl@4.2.4": {
      "integrity": "sha512-bBADEGAbo4ASnppIziaQJelekCxdMaxisrk+fB7Thit72IBnALp9K6ffA2G4ruj90G9XRS2VQ6q2bCKbfFV82g==",
      "os": ["linux"],
      "cpu": ["arm64"]
    },
    "@tailwindcss/oxide-linux-x64-gnu@4.2.4": {
      "integrity": "sha512-7Mx25E4WTfnht0TVRTyC00j3i0M+EeFe7wguMDTlX4mRxafznw0CA8WJkFjWYH5BlgELd1kSjuU2JiPnNZbJDA==",
      "os": ["linux"],
      "cpu": ["x64"]
    },
    "@tailwindcss/oxide-linux-x64-musl@4.2.4": {
      "integrity": "sha512-2wwJRF7nyhOR0hhHoChc04xngV3iS+akccHTGtz965FwF0up4b2lOdo6kI1EbDaEXKgvcrFBYcYQQ/rrnWFVfA==",
      "os": ["linux"],
      "cpu": ["x64"]
    },
    "@tailwindcss/oxide-wasm32-wasi@4.2.4": {
      "integrity": "sha512-FQsqApeor8Fo6gUEklzmaa9994orJZZDBAlQpK2Mq+DslRKFJeD6AjHpBQ0kZFQohVr8o85PPh8eOy86VlSCmw==",
      "cpu": ["wasm32"]
    },
    "@tailwindcss/oxide-win32-arm64-msvc@4.2.4": {
      "integrity": "sha512-L9BXqxC4ToVgwMFqj3pmZRqyHEztulpUJzCxUtLjobMCzTPsGt1Fa9enKbOpY2iIyVtaHNeNvAK8ERP/64sqGQ==",
      "os": ["win32"],
      "cpu": ["arm64"]
    },
    "@tailwindcss/oxide-win32-x64-msvc@4.2.4": {
      "integrity": "sha512-ESlKG0EpVJQwRjXDDa9rLvhEAh0mhP1sF7sap9dNZT0yyl9SAG6T7gdP09EH0vIv0UNTlo6jPWyujD6559fZvw==",
      "os": ["win32"],
      "cpu": ["x64"]
    },
    "@tailwindcss/oxide@4.2.4": {
      "integrity": "sha512-9El/iI069DKDSXwTvB9J4BwdO5JhRrOweGaK25taBAvBXyXqJAX+Jqdvs8r8gKpsI/1m0LeJLyQYTf/WLrBT1Q==",
      "optionalDependencies": [
        "@tailwindcss/oxide-android-arm64",
        "@tailwindcss/oxide-darwin-arm64",
        "@tailwindcss/oxide-darwin-x64",
        "@tailwindcss/oxide-freebsd-x64",
        "@tailwindcss/oxide-linux-arm-gnueabihf",
        "@tailwindcss/oxide-linux-arm64-gnu",
        "@tailwindcss/oxide-linux-arm64-musl",
        "@tailwindcss/oxide-linux-x64-gnu",
        "@tailwindcss/oxide-linux-x64-musl",
        "@tailwindcss/oxide-wasm32-wasi",
        "@tailwindcss/oxide-win32-arm64-msvc",
        "@tailwindcss/oxide-win32-x64-msvc"
      ]
    },
    "@types/dom-navigation@1.0.7": {
      "integrity": "sha512-Di4W+i2faYquHUnyWUg3bBQp5pTNvjDDA7mIYfD/1WlLgan6sKkeVjGbdL78K0CuNEk5Pfc/c0rfelwkz10mnQ=="
    },
    "@types/node@26.1.1": {
      "integrity": "sha512-nxAkRSVkN1Y0JC1W8ky/fTfkGsMmcrRsbx+3XoZE+rMOX71kLYTV7fLXpqud1GpbpP5TuffXFqfX7fH2GgZREw==",
      "dependencies": [
        "undici-types"
      ]
    },
    "@types/ws@8.18.1": {
      "integrity": "sha512-ThVF6DCVhA8kUGy+aazFQ4kXQ7E1Ty7A3ypFOe0IcJV8O/M511G99AW24irKrW56Wt44yG9+ij8FaqoBGkuBXg==",
      "dependencies": [
        "@types/node"
      ]
    },
    "daisyui@5.6.13": {
      "integrity": "sha512-0UHyNG3TzF7pDIbPcWyLKQfgtGhJcIq2x26jwsDKp7ZhL0GwaqIMZ12+TWfp8p+mE4NNc29SJk63hEXTz3MQkg=="
    },
    "detect-libc@2.0.2": {
      "integrity": "sha512-UX6sGumvvqSaXgdKGUsgZWqcUyIXZ/vZTrlRT/iobiKhGL0zL4d3osHj3uqllWJK+i+sixDS/3COVEOFbupFyw=="
    },
    "detect-libc@2.1.2": {
      "integrity": "sha512-Btj2BOOO83o3WyH59e8MgXsxEQVcarkUOpEYrubB0urwnN10yQ364rsiByU11nZlqWYZm05i/of7io4mzihBtQ=="
    },
    "js-base64@3.8.0": {
      "integrity": "sha512-65kvbemyZhj+ExQt1PEFyBEjL5vAHysu1lJdW1AwhhChkO8ZBPizYk/m9GVrpbS2Je1hF+UYZ+6KywqtZV8mHw=="
    },
    "libsql@0.5.29": {
      "integrity": "sha512-8lMP8iMgiBzzoNbAPQ59qdVcj6UaE/Vnm+fiwX4doX4Narook0a4GPKWBEv+CR8a1OwbfkgL18uBfBjWdF0Fzg==",
      "dependencies": [
        "@neon-rs/load",
        "detect-libc@2.0.2"
      ],
      "optionalDependencies": [
        "@libsql/darwin-arm64",
        "@libsql/darwin-x64",
        "@libsql/linux-arm-gnueabihf",
        "@libsql/linux-arm-musleabihf",
        "@libsql/linux-arm64-gnu",
        "@libsql/linux-arm64-musl",
        "@libsql/linux-x64-gnu",
        "@libsql/linux-x64-musl",
        "@libsql/win32-x64-msvc"
      ],
      "os": ["darwin", "linux", "win32"],
      "cpu": ["x64", "arm64", "wasm32", "arm"]
    },
    "lightningcss-android-arm64@1.32.0": {
      "integrity": "sha512-YK7/ClTt4kAK0vo6w3X+Pnm0D2cf2vPHbhOXdoNti1Ga0al1P4TBZhwjATvjNwLEBCnKvjJc2jQgHXH0NEwlAg==",
      "os": ["android"],
      "cpu": ["arm64"]
    },
    "lightningcss-darwin-arm64@1.32.0": {
      "integrity": "sha512-RzeG9Ju5bag2Bv1/lwlVJvBE3q6TtXskdZLLCyfg5pt+HLz9BqlICO7LZM7VHNTTn/5PRhHFBSjk5lc4cmscPQ==",
      "os": ["darwin"],
      "cpu": ["arm64"]
    },
    "lightningcss-darwin-x64@1.32.0": {
      "integrity": "sha512-U+QsBp2m/s2wqpUYT/6wnlagdZbtZdndSmut/NJqlCcMLTWp5muCrID+K5UJ6jqD2BFshejCYXniPDbNh73V8w==",
      "os": ["darwin"],
      "cpu": ["x64"]
    },
    "lightningcss-freebsd-x64@1.32.0": {
      "integrity": "sha512-JCTigedEksZk3tHTTthnMdVfGf61Fky8Ji2E4YjUTEQX14xiy/lTzXnu1vwiZe3bYe0q+SpsSH/CTeDXK6WHig==",
      "os": ["freebsd"],
      "cpu": ["x64"]
    },
    "lightningcss-linux-arm-gnueabihf@1.32.0": {
      "integrity": "sha512-x6rnnpRa2GL0zQOkt6rts3YDPzduLpWvwAF6EMhXFVZXD4tPrBkEFqzGowzCsIWsPjqSK+tyNEODUBXeeVHSkw==",
      "os": ["linux"],
      "cpu": ["arm"]
    },
    "lightningcss-linux-arm64-gnu@1.32.0": {
      "integrity": "sha512-0nnMyoyOLRJXfbMOilaSRcLH3Jw5z9HDNGfT/gwCPgaDjnx0i8w7vBzFLFR1f6CMLKF8gVbebmkUN3fa/kQJpQ==",
      "os": ["linux"],
      "cpu": ["arm64"]
    },
    "lightningcss-linux-arm64-musl@1.32.0": {
      "integrity": "sha512-UpQkoenr4UJEzgVIYpI80lDFvRmPVg6oqboNHfoH4CQIfNA+HOrZ7Mo7KZP02dC6LjghPQJeBsvXhJod/wnIBg==",
      "os": ["linux"],
      "cpu": ["arm64"]
    },
    "lightningcss-linux-x64-gnu@1.32.0": {
      "integrity": "sha512-V7Qr52IhZmdKPVr+Vtw8o+WLsQJYCTd8loIfpDaMRWGUZfBOYEJeyJIkqGIDMZPwPx24pUMfwSxxI8phr/MbOA==",
      "os": ["linux"],
      "cpu": ["x64"]
    },
    "lightningcss-linux-x64-musl@1.32.0": {
      "integrity": "sha512-bYcLp+Vb0awsiXg/80uCRezCYHNg1/l3mt0gzHnWV9XP1W5sKa5/TCdGWaR/zBM2PeF/HbsQv/j2URNOiVuxWg==",
      "os": ["linux"],
      "cpu": ["x64"]
    },
    "lightningcss-win32-arm64-msvc@1.32.0": {
      "integrity": "sha512-8SbC8BR40pS6baCM8sbtYDSwEVQd4JlFTOlaD3gWGHfThTcABnNDBda6eTZeqbofalIJhFx0qKzgHJmcPTnGdw==",
      "os": ["win32"],
      "cpu": ["arm64"]
    },
    "lightningcss-win32-x64-msvc@1.32.0": {
      "integrity": "sha512-Amq9B/SoZYdDi1kFrojnoqPLxYhQ4Wo5XiL8EVJrVsB8ARoC1PWW6VGtT0WKCemjy8aC+louJnjS7U18x3b06Q==",
      "os": ["win32"],
      "cpu": ["x64"]
    },
    "lightningcss@1.32.0": {
      "integrity": "sha512-NXYBzinNrblfraPGyrbPoD19C1h9lfI/1mzgWYvXUTe414Gz/X1FD2XBZSZM7rRTrMA8JL3OtAaGifrIKhQ5yQ==",
      "dependencies": [
        "detect-libc@2.1.2"
      ],
      "optionalDependencies": [
        "lightningcss-android-arm64",
        "lightningcss-darwin-arm64",
        "lightningcss-darwin-x64",
        "lightningcss-freebsd-x64",
        "lightningcss-linux-arm-gnueabihf",
        "lightningcss-linux-arm64-gnu",
        "lightningcss-linux-arm64-musl",
        "lightningcss-linux-x64-gnu",
        "lightningcss-linux-x64-musl",
        "lightningcss-win32-arm64-msvc",
        "lightningcss-win32-x64-msvc"
      ]
    },
    "magic-string@0.30.21": {
      "integrity": "sha512-vd2F4YUyEXKGcLHoq+TEyCjxueSeHnFxyyjNp80yg0XV4vUhnDer/lvvlqM/arB5bXQN5K2/3oinyCRyx8T2CQ==",
      "dependencies": [
        "@jridgewell/sourcemap-codec"
      ]
    },
    "promise-limit@2.7.0": {
      "integrity": "sha512-7nJ6v5lnJsXwGprnGXga4wx6d1POjvi5Qmf1ivTRxTjH4Z/9Czja/UCMLVmB9N93GeWOU93XaFaEt6jbuoagNw=="
    },
    "source-map-js@1.2.1": {
      "integrity": "sha512-UXWMKhLOwVKb728IUtQPXxfYU+usdybtUrK/8uGE8CQMvrhOpwvzDBwj0QhSL7MQc7vIsISBG8VQ8+IDQxpfQA=="
    },
    "tailwindcss@4.2.4": {
      "integrity": "sha512-HhKppgO81FQof5m6TEnuBWCZGgfRAWbaeOaGT00KOy/Pf/j6oUihdvBpA7ltCeAvZpFhW3j0PTclkxsd4IXYDA=="
    },
    "undici-types@8.3.0": {
      "integrity": "sha512-j375ScV60dom+YkPFIfTLcOiPxkN/buHz5GobjLhixFuANaNs3C9l4GmrWqejgXWJ7BbJcFYpTEUkS1Ge8bpZQ=="
    },
    "ws@8.21.0": {
      "integrity": "sha512-Vsp28b7DRcimFQvrqu2Wek3z1iYxDCWqHYB8Qsnk/S4RfaCQzPGPyBNuVjJV3cd6UiKtUtp6sNM77gWvzcCH+g=="
    }
  },
  "workspace": {
    "members": {
      "app": {
        "dependencies": [
          "npm:daisyui@^5.5.19",
          "npm:tailwindcss@4.2.4"
        ]
      },
      "app/bundler": {
        "dependencies": [
          "jsr:@kuboon/tailwindcss-deno@~0.1.3",
          "npm:@tailwindcss/oxide@4.2.4"
        ]
      },
      "app/cli": {
        "dependencies": [
          "jsr:@std/assert@^1.0.19",
          "jsr:@std/media-types@^1.1.0",
          "jsr:@std/path@^1.1.0"
        ]
      },
      "app/client": {
        "dependencies": [
          "npm:@remix-run/ui@~0.1.1"
        ]
      },
      "app/server": {
        "dependencies": [
          "jsr:@kuboon/kv@0.2.0",
          "jsr:@kuboon/remix-data-table-sqlite-turso@0.0.0",
          "jsr:@std/assert@^1.0.19",
          "npm:@libsql/client@~0.17.4",
          "npm:@remix-run/data-table@0.3",
          "npm:@remix-run/fetch-router@0.18.2",
          "npm:@remix-run/response@0.3.3",
          "npm:@remix-run/static-middleware@0.4.8",
          "npm:@remix-run/ui@~0.1.1"
        ]
      },
      "app/worker": {
        "dependencies": [
          "npm:@libsql/client@~0.17.4",
          "npm:@remix-run/fetch-router@0.18.2"
        ]
      }
    }
  }
}
